
Microsoft Visual Studio Solution File, Format Version 12.00
# Visual Studio Version 17
VisualStudioVersion = 17.8.34330.188
MinimumVisualStudioVersion = 10.0.40219.1
Project("{888888A0-9F3D-457C-B088-3A5042F75D52}") = "Country", "Country\Country.pyproj", "{09D5A640-B535-42E9-BCA9-E8C7C60D341B}"
EndProject
Global
	GlobalSection(SolutionConfigurationPlatforms) = preSolution
		Debug|Any CPU = Debug|Any CPU
		Release|Any CPU = Release|Any CPU
	EndGlobalSection
	GlobalSection(ProjectConfigurationPlatforms) = postSolution
		{09D5A640-B535-42E9-BCA9-E8C7C60D341B}.Debug|Any CPU.ActiveCfg = Debug|Any CPU
		{09D5A640-B535-42E9-BCA9-E8C7C60D341B}.Release|Any CPU.ActiveCfg = Release|Any CPU
	EndGlobalSection
	GlobalSection(SolutionProperties) = preSolution
		HideSolutionNode = FALSE
	EndGlobalSection
	GlobalSection(ExtensibilityGlobals) = postSolution
		SolutionGuid = {8A3363E3-FA5A-4CBB-9B35-BE02ABD811CF}
	EndGlobalSection
EndGlobal

def get_price():
    while True:
        try:
            price = float(input("Enter price: "))
            return price
        except ValueError:
            print("Invalid decimal number. Please try again.")

def get_quantity():
    while True:
        try:
            quantity = int(input("Enter quantity: "))
            return quantity
        except ValueError:
            print("Invalid integer. Please try again.")

print("The Invoice Line Item Calculator")

while True:
    price = get_price()
    quantity = get_quantity()
    total = price * quantity
    
    print("PRICE : {:.2f}".format(price))
    print("QUANTITY: {}".format(quantity))
    print("TOTAL : {:.2f}".format(total))
    
    another_item = input("Enter another line item? (y/n): ")
    if another_item.lower() == 'n':
        print("Bye!")
        break
